PODS:
  - Flutter (1.0.0)
  - flutter_nfc_reader (0.0.1):
    - Flutter
    - VYNFCKit
  - FMDB (2.7.5):
    - FMDB/standard (= 2.7.5)
  - FMDB/standard (2.7.5)
  - "geolocator (6.0.0+4)":
    - Flutter
  - google_maps_flutter (0.0.1):
    - Flutter
    - GoogleMaps (< 3.10)
  - GoogleMaps (2.7.0):
    - GoogleMaps/Maps (= 2.7.0)
  - GoogleMaps/Base (2.7.0)
  - GoogleMaps/Maps (2.7.0):
    - GoogleMaps/Base
  - nfc_in_flutter (1.0.0):
    - Flutter
  - path_provider (0.0.1):
    - Flutter
  - shared_preferences (0.0.1):
    - Flutter
  - sqflite (0.0.1):
    - Flutter
    - FMDB (~> 2.7.2)
  - VYNFCKit (0.3.2)

DEPENDENCIES:
  - Flutter (from `Flutter`)
  - flutter_nfc_reader (from `.symlinks/plugins/flutter_nfc_reader/ios`)
  - geolocator (from `.symlinks/plugins/geolocator/ios`)
  - google_maps_flutter (from `.symlinks/plugins/google_maps_flutter/ios`)
  - nfc_in_flutter (from `.symlinks/plugins/nfc_in_flutter/ios`)
  - path_provider (from `.symlinks/plugins/path_provider/ios`)
  - shared_preferences (from `.symlinks/plugins/shared_preferences/ios`)
  - sqflite (from `.symlinks/plugins/sqflite/ios`)

SPEC REPOS:
  trunk:
    - FMDB
    - GoogleMaps
    - VYNFCKit

EXTERNAL SOURCES:
  Flutter:
    :path: Flutter
  flutter_nfc_reader:
    :path: ".symlinks/plugins/flutter_nfc_reader/ios"
  geolocator:
    :path: ".symlinks/plugins/geolocator/ios"
  google_maps_flutter:
    :path: ".symlinks/plugins/google_maps_flutter/ios"
  nfc_in_flutter:
    :path: ".symlinks/plugins/nfc_in_flutter/ios"
  path_provider:
    :path: ".symlinks/plugins/path_provider/ios"
  shared_preferences:
    :path: ".symlinks/plugins/shared_preferences/ios"
  sqflite:
    :path: ".symlinks/plugins/sqflite/ios"

SPEC CHECKSUMS:
  Flutter: 0e3d915762c693b495b44d77113d4970485de6ec
  flutter_nfc_reader: 67d71071d779d28b827ea50dcbe00d09286f253d
  FMDB: 2ce00b547f966261cd18927a3ddb07cb6f3db82a
  geolocator: 1ae40084cc6c1586ce5ad12cfc3fd38c64d05f2f
  google_maps_flutter: c7f9c73576de1fbe152a227bfd6e6c4ae8088619
  GoogleMaps: f79af95cb24d869457b1f961c93d3ce8b2f3b848
  nfc_in_flutter: c656fbfb1ec5b9d021da87b0c87629d62fd5264d
  path_provider: abfe2b5c733d04e238b0d8691db0cfd63a27a93c
  shared_preferences: af6bfa751691cdc24be3045c43ec037377ada40d
  sqflite: 4001a31ff81d210346b500c55b17f4d6c7589dd0
  VYNFCKit: 86a9b711fd1f34f6f7128a2a883cd58dbd781b9d

PODFILE CHECKSUM: aafe91acc616949ddb318b77800a7f51bffa2a4c

COCOAPODS: 1.9.1
